
Microsoft Visual Studio Solution File, Format Version 12.00
# Visual Studio Version 16
VisualStudioVersion = 16.0.32106.192
MinimumVisualStudioVersion = 10.0.40219.1
Project("{9A19103F-16F7-4668-BE54-9A1E7A4F7556}") = "HealthCareProj", "HealthCareProj\HealthCareProj.csproj", "{13D1DF6F-B325-441B-9543-A2E157836E0B}"
EndProject
Project("{9A19103F-16F7-4668-BE54-9A1E7A4F7556}") = "E-healthcare.Api", "ProjectManagement.Api\E-healthcare.Api.csproj", "{6C53656F-39C4-4C2B-9824-1A2AB0C89BAD}"
EndProject
Project("{9A19103F-16F7-4668-BE54-9A1E7A4F7556}") = "E-healthcare.Data", "ProjectManagement.Data.Implementation\E-healthcare.Data.csproj", "{5CC93270-3209-4184-9CFC-DAF0676B90E3}"
EndProject
Project("{9A19103F-16F7-4668-BE54-9A1E7A4F7556}") = "E-healthcare.Entities", "ProjectManagement.Entities\E-healthcare.Entities.csproj", "{9706A087-C7BA-43FA-BBCF-DD3F3950AD60}"
EndProject
Project("{9A19103F-16F7-4668-BE54-9A1E7A4F7556}") = "E-healthcare.Shared", "ProjectManagement.Shared\E-healthcare.Shared.csproj", "{0AB3DFFA-27A5-4B9D-A628-AEDDE237598D}"
EndProject
Global
	GlobalSection(SolutionConfigurationPlatforms) = preSolution
		Debug|Any CPU = Debug|Any CPU
		Release|Any CPU = Release|Any CPU
	EndGlobalSection
	GlobalSection(ProjectConfigurationPlatforms) = postSolution
		{13D1DF6F-B325-441B-9543-A2E157836E0B}.Debug|Any CPU.ActiveCfg = Debug|Any CPU
		{13D1DF6F-B325-441B-9543-A2E157836E0B}.Debug|Any CPU.Build.0 = Debug|Any CPU
		{13D1DF6F-B325-441B-9543-A2E157836E0B}.Release|Any CPU.ActiveCfg = Release|Any CPU
		{13D1DF6F-B325-441B-9543-A2E157836E0B}.Release|Any CPU.Build.0 = Release|Any CPU
		{6C53656F-39C4-4C2B-9824-1A2AB0C89BAD}.Debug|Any CPU.ActiveCfg = Debug|Any CPU
		{6C53656F-39C4-4C2B-9824-1A2AB0C89BAD}.Debug|Any CPU.Build.0 = Debug|Any CPU
		{6C53656F-39C4-4C2B-9824-1A2AB0C89BAD}.Release|Any CPU.ActiveCfg = Release|Any CPU
		{6C53656F-39C4-4C2B-9824-1A2AB0C89BAD}.Release|Any CPU.Build.0 = Release|Any CPU
		{5CC93270-3209-4184-9CFC-DAF0676B90E3}.Debug|Any CPU.ActiveCfg = Debug|Any CPU
		{5CC93270-3209-4184-9CFC-DAF0676B90E3}.Debug|Any CPU.Build.0 = Debug|Any CPU
		{5CC93270-3209-4184-9CFC-DAF0676B90E3}.Release|Any CPU.ActiveCfg = Release|Any CPU
		{5CC93270-3209-4184-9CFC-DAF0676B90E3}.Release|Any CPU.Build.0 = Release|Any CPU
		{9706A087-C7BA-43FA-BBCF-DD3F3950AD60}.Debug|Any CPU.ActiveCfg = Debug|Any CPU
		{9706A087-C7BA-43FA-BBCF-DD3F3950AD60}.Debug|Any CPU.Build.0 = Debug|Any CPU
		{9706A087-C7BA-43FA-BBCF-DD3F3950AD60}.Release|Any CPU.ActiveCfg = Release|Any CPU
		{9706A087-C7BA-43FA-BBCF-DD3F3950AD60}.Release|Any CPU.Build.0 = Release|Any CPU
		{0AB3DFFA-27A5-4B9D-A628-AEDDE237598D}.Debug|Any CPU.ActiveCfg = Debug|Any CPU
		{0AB3DFFA-27A5-4B9D-A628-AEDDE237598D}.Debug|Any CPU.Build.0 = Debug|Any CPU
		{0AB3DFFA-27A5-4B9D-A628-AEDDE237598D}.Release|Any CPU.ActiveCfg = Release|Any CPU
		{0AB3DFFA-27A5-4B9D-A628-AEDDE237598D}.Release|Any CPU.Build.0 = Release|Any CPU
	EndGlobalSection
	GlobalSection(SolutionProperties) = preSolution
		HideSolutionNode = FALSE
	EndGlobalSection
	GlobalSection(ExtensibilityGlobals) = postSolution
		SolutionGuid = {2D170ADA-DDE4-4E4A-BF49-7D5FEEBE7329}
	EndGlobalSection
EndGlobal
